// !$*UTF8*$!
{
	archiveVersion = 1;
	classes = {
	};
	objectVersion = 46;
	objects = {

/* Begin PBXBuildFile section */
		70C722811988123E009CE797 /* Foundation.framework in Frameworks */ = {isa = PBXBuildFile; fileRef = 70C722801988123E009CE797 /* Foundation.framework */; };
		70C722831988123E009CE797 /* CoreGraphics.framework in Frameworks */ = {isa = PBXBuildFile; fileRef = 70C722821988123E009CE797 /* CoreGraphics.framework */; };
		70C722851988123E009CE797 /* UIKit.framework in Frameworks */ = {isa = PBXBuildFile; fileRef = 70C722841988123E009CE797 /* UIKit.framework */; };
		70C7228B1988123E009CE797 /* InfoPlist.strings in Resources */ = {isa = PBXBuildFile; fileRef = 70C722891988123E009CE797 /* InfoPlist.strings */; };
		70C7228D1988123E009CE797 /* main.m in Sources */ = {isa = PBXBuildFile; fileRef = 70C7228C1988123E009CE797 /* main.m */; };
		70C722911988123E009CE797 /* GWAppDelegate.m in Sources */ = {isa = PBXBuildFile; fileRef = 70C722901988123E009CE797 /* GWAppDelegate.m */; };
		70C722941988123E009CE797 /* Main.storyboard in Resources */ = {isa = PBXBuildFile; fileRef = 70C722921988123E009CE797 /* Main.storyboard */; };
		70C722991988123E009CE797 /* Images.xcassets in Resources */ = {isa = PBXBuildFile; fileRef = 70C722981988123E009CE797 /* Images.xcassets */; };
		70C722A01988123E009CE797 /* XCTest.framework in Frameworks */ = {isa = PBXBuildFile; fileRef = 70C7229F1988123E009CE797 /* XCTest.framework */; };
		70C722A11988123E009CE797 /* Foundation.framework in Frameworks */ = {isa = PBXBuildFile; fileRef = 70C722801988123E009CE797 /* Foundation.framework */; };
		70C722A21988123E009CE797 /* UIKit.framework in Frameworks */ = {isa = PBXBuildFile; fileRef = 70C722841988123E009CE797 /* UIKit.framework */; };
		70C722AA1988123E009CE797 /* InfoPlist.strings in Resources */ = {isa = PBXBuildFile; fileRef = 70C722A81988123E009CE797 /* InfoPlist.strings */; };
		70C722AC1988123E009CE797 /* UITableViewController_Challenge_SolutionTests.m in Sources */ = {isa = PBXBuildFile; fileRef = 70C722AB1988123E009CE797 /* UITableViewController_Challenge_SolutionTests.m */; };
		70C722B719881311009CE797 /* GWTableViewControllerChallenge.m in Sources */ = {isa = PBXBuildFile; fileRef = 70C722B619881311009CE797 /* GWTableViewControllerChallenge.m */; };
/* End PBXBuildFile section */

/* Begin PBXContainerItemProxy section */
		70C722A31988123E009CE797 /* PBXContainerItemProxy */ = {
			isa = PBXContainerItemProxy;
			containerPortal = 70C722751988123E009CE797 /* Project object */;
			proxyType = 1;
			remoteGlobalIDString = 70C7227C1988123E009CE797;
			remoteInfo = "UITableViewController Challenge Solution";
		};
/* End PBXContainerItemProxy section */

/* Begin PBXFileReference section */
		70C7227D1988123E009CE797 /* UITableViewController Challenge Solution.app */ = {isa = PBXFileReference; explicitFileType = wrapper.application; includeInIndex = 0; path = "UITableViewController Challenge Solution.app"; sourceTree = BUILT_PRODUCTS_DIR; };
		70C722801988123E009CE797 /* Foundation.framework */ = {isa = PBXFileReference; lastKnownFileType = wrapper.framework; name = Foundation.framework; path = System/Library/Frameworks/Foundation.framework; sourceTree = SDKROOT; };
		70C722821988123E009CE797 /* CoreGraphics.framework */ = {isa = PBXFileReference; lastKnownFileType = wrapper.framework; name = CoreGraphics.framework; path = System/Library/Frameworks/CoreGraphics.framework; sourceTree = SDKROOT; };
		70C722841988123E009CE797 /* UIKit.framework */ = {isa = PBXFileReference; lastKnownFileType = wrapper.framework; name = UIKit.framework; path = System/Library/Frameworks/UIKit.framework; sourceTree = SDKROOT; };
		70C722881988123E009CE797 /* UITableViewController Challenge Solution-Info.plist */ = {isa = PBXFileReference; lastKnownFileType = text.plist.xml; path = "UITableViewController Challenge Solution-Info.plist"; sourceTree = "<group>"; };
		70C7228A1988123E009CE797 /* en */ = {isa = PBXFileReference; lastKnownFileType = text.plist.strings; name = en; path = en.lproj/InfoPlist.strings; sourceTree = "<group>"; };
		70C7228C1988123E009CE797 /* main.m */ = {isa = PBXFileReference; lastKnownFileType = sourcecode.c.objc; path = main.m; sourceTree = "<group>"; };
		70C7228E1988123E009CE797 /* UITableViewController Challenge Solution-Prefix.pch */ = {isa = PBXFileReference; lastKnownFileType = sourcecode.c.h; path = "UITableViewController Challenge Solution-Prefix.pch"; sourceTree = "<group>"; };
		70C7228F1988123E009CE797 /* GWAppDelegate.h */ = {isa = PBXFileReference; lastKnownFileType = sourcecode.c.h; path = GWAppDelegate.h; sourceTree = "<group>"; };
		70C722901988123E009CE797 /* GWAppDelegate.m */ = {isa = PBXFileReference; lastKnownFileType = sourcecode.c.objc; path = GWAppDelegate.m; sourceTree = "<group>"; };
		70C722931988123E009CE797 /* Base */ = {isa = PBXFileReference; lastKnownFileType = file.storyboard; name = Base; path = Base.lproj/Main.storyboard; sourceTree = "<group>"; };
		70C722981988123E009CE797 /* Images.xcassets */ = {isa = PBXFileReference; lastKnownFileType = folder.assetcatalog; path = Images.xcassets; sourceTree = "<group>"; };
		70C7229E1988123E009CE797 /* UITableViewController Challenge SolutionTests.xctest */ = {isa = PBXFileReference; explicitFileType = wrapper.cfbundle; includeInIndex = 0; path = "UITableViewController Challenge SolutionTests.xctest"; sourceTree = BUILT_PRODUCTS_DIR; };
		70C7229F1988123E009CE797 /* XCTest.framework */ = {isa = PBXFileReference; lastKnownFileType = wrapper.framework; name = XCTest.framework; path = Library/Frameworks/XCTest.framework; sourceTree = DEVELOPER_DIR; };
		70C722A71988123E009CE797 /* UITableViewController Challenge SolutionTests-Info.plist */ = {isa = PBXFileReference; lastKnownFileType = text.plist.xml; path = "UITableViewController Challenge SolutionTests-Info.plist"; sourceTree = "<group>"; };
		70C722A91988123E009CE797 /* en */ = {isa = PBXFileReference; lastKnownFileType = text.plist.strings; name = en; path = en.lproj/InfoPlist.strings; sourceTree = "<group>"; };
		70C722AB1988123E009CE797 /* UITableViewController_Challenge_SolutionTests.m */ = {isa = PBXFileReference; lastKnownFileType = sourcecode.c.objc; path = UITableViewController_Challenge_SolutionTests.m; sourceTree = "<group>"; };
		70C722B519881311009CE797 /* GWTableViewControllerChallenge.h */ = {isa = PBXFileReference; fileEncoding = 4; lastKnownFileType = sourcecode.c.h; path = GWTableViewControllerChallenge.h; sourceTree = "<group>"; };
		70C722B619881311009CE797 /* GWTableViewControllerChallenge.m */ = {isa = PBXFileReference; fileEncoding = 4; lastKnownFileType = sourcecode.c.objc; path = GWTableViewControllerChallenge.m; sourceTree = "<group>"; };
/* End PBXFileReference section */

/* Begin PBXFrameworksBuildPhase section */
		70C7227A1988123E009CE797 /* Frameworks */ = {
			isa = PBXFrameworksBuildPhase;
			buildActionMask = 2147483647;
			files = (
				70C722831988123E009CE797 /* CoreGraphics.framework in Frameworks */,
				70C722851988123E009CE797 /* UIKit.framework in Frameworks */,
				70C722811988123E009CE797 /* Foundation.framework in Frameworks */,
			);
			runOnlyForDeploymentPostprocessing = 0;
		};
		70C7229B1988123E009CE797 /* Frameworks */ = {
			isa = PBXFrameworksBuildPhase;
			buildActionMask = 2147483647;
			files = (
				70C722A01988123E009CE797 /* XCTest.framework in Frameworks */,
				70C722A21988123E009CE797 /* UIKit.framework in Frameworks */,
				70C722A11988123E009CE797 /* Foundation.framework in Frameworks */,
			);
			runOnlyForDeploymentPostprocessing = 0;
		};
/* End PBXFrameworksBuildPhase section */

/* Begin PBXGroup section */
		70C722741988123E009CE797 = {
			isa = PBXGroup;
			children = (
				70C722861988123E009CE797 /* UITableViewController Challenge Solution */,
				70C722A51988123E009CE797 /* UITableViewController Challenge SolutionTests */,
				70C7227F1988123E009CE797 /* Frameworks */,
				70C7227E1988123E009CE797 /* Products */,
			);
			sourceTree = "<group>";
		};
		70C7227E1988123E009CE797 /* Products */ = {
			isa = PBXGroup;
			children = (
				70C7227D1988123E009CE797 /* UITableViewController Challenge Solution.app */,
				70C7229E1988123E009CE797 /* UITableViewController Challenge SolutionTests.xctest */,
			);
			name = Products;
			sourceTree = "<group>";
		};
		70C7227F1988123E009CE797 /* Frameworks */ = {
			isa = PBXGroup;
			children = (
				70C722801988123E009CE797 /* Foundation.framework */,
				70C722821988123E009CE797 /* CoreGraphics.framework */,
				70C722841988123E009CE797 /* UIKit.framework */,
				70C7229F1988123E009CE797 /* XCTest.framework */,
			);
			name = Frameworks;
			sourceTree = "<group>";
		};
		70C722861988123E009CE797 /* UITableViewController Challenge Solution */ = {
			isa = PBXGroup;
			children = (
				70C7228F1988123E009CE797 /* GWAppDelegate.h */,
				70C722901988123E009CE797 /* GWAppDelegate.m */,
				70C722921988123E009CE797 /* Main.storyboard */,
				70C722B519881311009CE797 /* GWTableViewControllerChallenge.h */,
				70C722B619881311009CE797 /* GWTableViewControllerChallenge.m */,
				70C722981988123E009CE797 /* Images.xcassets */,
				70C722871988123E009CE797 /* Supporting Files */,
			);
			path = "UITableViewController Challenge Solution";
			sourceTree = "<group>";
		};
		70C722871988123E009CE797 /* Supporting Files */ = {
			isa = PBXGroup;
			children = (
				70C722881988123E009CE797 /* UITableViewController Challenge Solution-Info.plist */,
				70C722891988123E009CE797 /* InfoPlist.strings */,
				70C7228C1988123E009CE797 /* main.m */,
				70C7228E1988123E009CE797 /* UITableViewController Challenge Solution-Prefix.pch */,
			);
			name = "Supporting Files";
			sourceTree = "<group>";
		};
		70C722A51988123E009CE797 /* UITableViewController Challenge SolutionTests */ = {
			isa = PBXGroup;
			children = (
				70C722AB1988123E009CE797 /* UITableViewController_Challenge_SolutionTests.m */,
				70C722A61988123E009CE797 /* Supporting Files */,
			);
			path = "UITableViewController Challenge SolutionTests";
			sourceTree = "<group>";
		};
		70C722A61988123E009CE797 /* Supporting Files */ = {
			isa = PBXGroup;
			children = (
				70C722A71988123E009CE797 /* UITableViewController Challenge SolutionTests-Info.plist */,
				70C722A81988123E009CE797 /* InfoPlist.strings */,
			);
			name = "Supporting Files";
			sourceTree = "<group>";
		};
/* End PBXGroup section */

/* Begin PBXNativeTarget section */
		70C7227C1988123E009CE797 /* UITableViewController Challenge Solution */ = {
			isa = PBXNativeTarget;
			buildConfigurationList = 70C722AF1988123E009CE797 /* Build configuration list for PBXNativeTarget "UITableViewController Challenge Solution" */;
			buildPhases = (
				70C722791988123E009CE797 /* Sources */,
				70C7227A1988123E009CE797 /* Frameworks */,
				70C7227B1988123E009CE797 /* Resources */,
			);
			buildRules = (
			);
			dependencies = (
			);
			name = "UITableViewController Challenge Solution";
			productName = "UITableViewController Challenge Solution";
			productReference = 70C7227D1988123E009CE797 /* UITableViewController Challenge Solution.app */;
			productType = "com.apple.product-type.application";
		};
		70C7229D1988123E009CE797 /* UITableViewController Challenge SolutionTests */ = {
			isa = PBXNativeTarget;
			buildConfigurationList = 70C722B21988123E009CE797 /* Build configuration list for PBXNativeTarget "UITableViewController Challenge SolutionTests" */;
			buildPhases = (
				70C7229A1988123E009CE797 /* Sources */,
				70C7229B1988123E009CE797 /* Frameworks */,
				70C7229C1988123E009CE797 /* Resources */,
			);
			buildRules = (
			);
			dependencies = (
				70C722A41988123E009CE797 /* PBXTargetDependency */,
			);
			name = "UITableViewController Challenge SolutionTests";
			productName = "UITableViewController Challenge SolutionTests";
			productReference = 70C7229E1988123E009CE797 /* UITableViewController Challenge SolutionTests.xctest */;
			productType = "com.apple.product-type.bundle.unit-test";
		};
/* End PBXNativeTarget section */

/* Begin PBXProject section */
		70C722751988123E009CE797 /* Project object */ = {
			isa = PBXProject;
			attributes = {
				CLASSPREFIX = GW;
				LastUpgradeCheck = 0510;
				ORGANIZATIONNAME = "Goesta Woll";
				TargetAttributes = {
					70C7229D1988123E009CE797 = {
						TestTargetID = 70C7227C1988123E009CE797;
					};
				};
			};
			buildConfigurationList = 70C722781988123E009CE797 /* Build configuration list for PBXProject "UITableViewController Challenge Solution" */;
			compatibilityVersion = "Xcode 3.2";
			developmentRegion = English;
			hasScannedForEncodings = 0;
			knownRegions = (
				en,
				Base,
			);
			mainGroup = 70C722741988123E009CE797;
			productRefGroup = 70C7227E1988123E009CE797 /* Products */;
			projectDirPath = "";
			projectRoot = "";
			targets = (
				70C7227C1988123E009CE797 /* UITableViewController Challenge Solution */,
				70C7229D1988123E009CE797 /* UITableViewController Challenge SolutionTests */,
			);
		};
/* End PBXProject section */

/* Begin PBXResourcesBuildPhase section */
		70C7227B1988123E009CE797 /* Resources */ = {
			isa = PBXResourcesBuildPhase;
			buildActionMask = 2147483647;
			files = (
				70C722991988123E009CE797 /* Images.xcassets in Resources */,
				70C7228B1988123E009CE797 /* InfoPlist.strings in Resources */,
				70C722941988123E009CE797 /* Main.storyboard in Resources */,
			);
			runOnlyForDeploymentPostprocessing = 0;
		};
		70C7229C1988123E009CE797 /* Resources */ = {
			isa = PBXResourcesBuildPhase;
			buildActionMask = 2147483647;
			files = (
				70C722AA1988123E009CE797 /* InfoPlist.strings in Resources */,
			);
			runOnlyForDeploymentPostprocessing = 0;
		};
/* End PBXResourcesBuildPhase section */

/* Begin PBXSourcesBuildPhase section */
		70C722791988123E009CE797 /* Sources */ = {
			isa = PBXSourcesBuildPhase;
			buildActionMask = 2147483647;
			files = (
				70C722911988123E009CE797 /* GWAppDelegate.m in Sources */,
				70C722B719881311009CE797 /* GWTableViewControllerChallenge.m in Sources */,
				70C7228D1988123E009CE797 /* main.m in Sources */,
			);
			runOnlyForDeploymentPostprocessing = 0;
		};
		70C7229A1988123E009CE797 /* Sources */ = {
			isa = PBXSourcesBuildPhase;
			buildActionMask = 2147483647;
			files = (
				70C722AC1988123E009CE797 /* UITableViewController_Challenge_SolutionTests.m in Sources */,
			);
			runOnlyForDeploymentPostprocessing = 0;
		};
/* End PBXSourcesBuildPhase section */

/* Begin PBXTargetDependency section */
		70C722A41988123E009CE797 /* PBXTargetDependency */ = {
			isa = PBXTargetDependency;
			target = 70C7227C1988123E009CE797 /* UITableViewController Challenge Solution */;
			targetProxy = 70C722A31988123E009CE797 /* PBXContainerItemProxy */;
		};
/* End PBXTargetDependency section */

/* Begin PBXVariantGroup section */
		70C722891988123E009CE797 /* InfoPlist.strings */ = {
			isa = PBXVariantGroup;
			children = (
				70C7228A1988123E009CE797 /* en */,
			);
			name = InfoPlist.strings;
			sourceTree = "<group>";
		};
		70C722921988123E009CE797 /* Main.storyboard */ = {
			isa = PBXVariantGroup;
			children = (
				70C722931988123E009CE797 /* Base */,
			);
			name = Main.storyboard;
			sourceTree = "<group>";
		};
		70C722A81988123E009CE797 /* InfoPlist.strings */ = {
			isa = PBXVariantGroup;
			children = (
				70C722A91988123E009CE797 /* en */,
			);
			name = InfoPlist.strings;
			sourceTree = "<group>";
		};
/* End PBXVariantGroup section */

/* Begin XCBuildConfiguration section */
		70C722AD1988123E009CE797 /* Debug */ = {
			isa = XCBuildConfiguration;
			buildSettings = {
				ALWAYS_SEARCH_USER_PATHS = NO;
				CLANG_CXX_LANGUAGE_STANDARD = "gnu++0x";
				CLANG_CXX_LIBRARY = "libc++";
				CLANG_ENABLE_MODULES = YES;
				CLANG_ENABLE_OBJC_ARC = YES;
				CLANG_WARN_BOOL_CONVERSION = YES;
				CLANG_WARN_CONSTANT_CONVERSION = YES;
				CLANG_WARN_DIRECT_OBJC_ISA_USAGE = YES_ERROR;
				CLANG_WARN_EMPTY_BODY = YES;
				CLANG_WARN_ENUM_CONVERSION = YES;
				CLANG_WARN_INT_CONVERSION = YES;
				CLANG_WARN_OBJC_ROOT_CLASS = YES_ERROR;
				CLANG_WARN__DUPLICATE_METHOD_MATCH = YES;
				"CODE_SIGN_IDENTITY[sdk=iphoneos*]" = "iPhone Developer";
				COPY_PHASE_STRIP = NO;
				GCC_C_LANGUAGE_STANDARD = gnu99;
				GCC_DYNAMIC_NO_PIC = NO;
				GCC_OPTIMIZATION_LEVEL = 0;
				GCC_PREPROCESSOR_DEFINITIONS = (
					"DEBUG=1",
					"$(inherited)",
				);
				GCC_SYMBOLS_PRIVATE_EXTERN = NO;
				GCC_WARN_64_TO_32_BIT_CONVERSION = YES;
				GCC_WARN_ABOUT_RETURN_TYPE = YES_ERROR;
				GCC_WARN_UNDECLARED_SELECTOR = YES;
				GCC_WARN_UNINITIALIZED_AUTOS = YES_AGGRESSIVE;
				GCC_WARN_UNUSED_FUNCTION = YES;
				GCC_WARN_UNUSED_VARIABLE = YES;
				IPHONEOS_DEPLOYMENT_TARGET = 7.1;
				ONLY_ACTIVE_ARCH = YES;
				SDKROOT = iphoneos;
			};
			name = Debug;
		};
		70C722AE1988123E009CE797 /* Release */ = {
			isa = XCBuildConfiguration;
			buildSettings = {
				ALWAYS_SEARCH_USER_PATHS = NO;
				CLANG_CXX_LANGUAGE_STANDARD = "gnu++0x";
				CLANG_CXX_LIBRARY = "libc++";
				CLANG_ENABLE_MODULES = YES;
				CLANG_ENABLE_OBJC_ARC = YES;
				CLANG_WARN_BOOL_CONVERSION = YES;
				CLANG_WARN_CONSTANT_CONVERSION = YES;
				CLANG_WARN_DIRECT_OBJC_ISA_USAGE = YES_ERROR;
				CLANG_WARN_EMPTY_BODY = YES;
				CLANG_WARN_ENUM_CONVERSION = YES;
				CLANG_WARN_INT_CONVERSION = YES;
				CLANG_WARN_OBJC_ROOT_CLASS = YES_ERROR;
				CLANG_WARN__DUPLICATE_METHOD_MATCH = YES;
				"CODE_SIGN_IDENTITY[sdk=iphoneos*]" = "iPhone Developer";
				COPY_PHASE_STRIP = YES;
				ENABLE_NS_ASSERTIONS = NO;
				GCC_C_LANGUAGE_STANDARD = gnu99;
				GCC_WARN_64_TO_32_BIT_CONVERSION = YES;
				GCC_WARN_ABOUT_RETURN_TYPE = YES_ERROR;
				GCC_WARN_UNDECLARED_SELECTOR = YES;
				GCC_WARN_UNINITIALIZED_AUTOS = YES_AGGRESSIVE;
				GCC_WARN_UNUSED_FUNCTION = YES;
				GCC_WARN_UNUSED_VARIABLE = YES;
				IPHONEOS_DEPLOYMENT_TARGET = 7.1;
				SDKROOT = iphoneos;
				VALIDATE_PRODUCT = YES;
			};
			name = Release;
		};
		70C722B01988123E009CE797 /* Debug */ = {
			isa = XCBuildConfiguration;
			buildSettings = {
				ASSETCATALOG_COMPILER_APPICON_NAME = AppIcon;
				ASSETCATALOG_COMPILER_LAUNCHIMAGE_NAME = LaunchImage;
				GCC_PRECOMPILE_PREFIX_HEADER = YES;
				GCC_PREFIX_HEADER = "UITableViewController Challenge Solution/UITableViewController Challenge Solution-Prefix.pch";
				INFOPLIST_FILE = "UITableViewController Challenge Solution/UITableViewController Challenge Solution-Info.plist";
				PRODUCT_NAME = "$(TARGET_NAME)";
				WRAPPER_EXTENSION = app;
			};
			name = Debug;
		};
		70C722B11988123E009CE797 /* Release */ = {
			isa = XCBuildConfiguration;
			buildSettings = {
				ASSETCATALOG_COMPILER_APPICON_NAME = AppIcon;
				ASSETCATALOG_COMPILER_LAUNCHIMAGE_NAME = LaunchImage;
				GCC_PRECOMPILE_PREFIX_HEADER = YES;
				GCC_PREFIX_HEADER = "UITableViewController Challenge Solution/UITableViewController Challenge Solution-Prefix.pch";
				INFOPLIST_FILE = "UITableViewController Challenge Solution/UITableViewController Challenge Solution-Info.plist";
				PRODUCT_NAME = "$(TARGET_NAME)";
				WRAPPER_EXTENSION = app;
			};
			name = Release;
		};
		70C722B31988123E009CE797 /* Debug */ = {
			isa = XCBuildConfiguration;
			buildSettings = {
				BUNDLE_LOADER = "$(BUILT_PRODUCTS_DIR)/UITableViewController Challenge Solution.app/UITableViewController Challenge Solution";
				FRAMEWORK_SEARCH_PATHS = (
					"$(SDKROOT)/Developer/Library/Frameworks",
					"$(inherited)",
					"$(DEVELOPER_FRAMEWORKS_DIR)",
				);
				GCC_PRECOMPILE_PREFIX_HEADER = YES;
				GCC_PREFIX_HEADER = "UITableViewController Challenge Solution/UITableViewController Challenge Solution-Prefix.pch";
				GCC_PREPROCESSOR_DEFINITIONS = (
					"DEBUG=1",
					"$(inherited)",
				);
				INFOPLIST_FILE = "UITableViewController Challenge SolutionTests/UITableViewController Challenge SolutionTests-Info.plist";
				PRODUCT_NAME = "$(TARGET_NAME)";
				TEST_HOST = "$(BUNDLE_LOADER)";
				WRAPPER_EXTENSION = xctest;
			};
			name = Debug;
		};
		70C722B41988123E009CE797 /* Release */ = {
			isa = XCBuildConfiguration;
			buildSettings = {
				BUNDLE_LOADER = "$(BUILT_PRODUCTS_DIR)/UITableViewController Challenge Solution.app/UITableViewController Challenge Solution";
				FRAMEWORK_SEARCH_PATHS = (
					"$(SDKROOT)/Developer/Library/Frameworks",
					"$(inherited)",
					"$(DEVELOPER_FRAMEWORKS_DIR)",
				);
				GCC_PRECOMPILE_PREFIX_HEADER = YES;
				GCC_PREFIX_HEADER = "UITableViewController Challenge Solution/UITableViewController Challenge Solution-Prefix.pch";
				INFOPLIST_FILE = "UITableViewController Challenge SolutionTests/UITableViewController Challenge SolutionTests-Info.plist";
				PRODUCT_NAME = "$(TARGET_NAME)";
				TEST_HOST = "$(BUNDLE_LOADER)";
				WRAPPER_EXTENSION = xctest;
			};
			name = Release;
		};
/* End XCBuildConfiguration section */

/* Begin XCConfigurationList section */
		70C722781988123E009CE797 /* Build configuration list for PBXProject "UITableViewController Challenge Solution" */ = {
			isa = XCConfigurationList;
			buildConfigurations = (
				70C722AD1988123E009CE797 /* Debug */,
				70C722AE1988123E009CE797 /* Release */,
			);
			defaultConfigurationIsVisible = 0;
			defaultConfigurationName = Release;
		};
		70C722AF1988123E009CE797 /* Build configuration list for PBXNativeTarget "UITableViewController Challenge Solution" */ = {
			isa = XCConfigurationList;
			buildConfigurations = (
				70C722B01988123E009CE797 /* Debug */,
				70C722B11988123E009CE797 /* Release */,
			);
			defaultConfigurationIsVisible = 0;
		};
		70C722B21988123E009CE797 /* Build configuration list for PBXNativeTarget "UITableViewController Challenge SolutionTests" */ = {
			isa = XCConfigurationList;
			buildConfigurations = (
				70C722B31988123E009CE797 /* Debug */,
				70C722B41988123E009CE797 /* Release */,
			);
			defaultConfigurationIsVisible = 0;
		};
/* End XCConfigurationList section */
	};
	rootObject = 70C722751988123E009CE797 /* Project object */;
}
